github.com/davecgh/go-spew v1.1.1 h1:vj9j/u1bqnvCEfJOwUhtlOARqs3+rkHYY13jYWTU97c=
github.com/davecgh/go-spew v1.1.1/go.mod h1:J7Y8YcW2NihsgmVo/mv3lAwl/skON4iLHjSsI+c5H38=
github.com/merlinfuchs/go-next-static v0.0.0-20240829144451-fb022d4e8fbc h1:tuAOrtgouDHDsxD+JsKR58zuWzxk6Io+q9hQ91pzGCk=
github.com/merlinfuchs/go-next-static v0.0.0-20240829144451-fb022d4e8fbc/go.mod h1:HTdfVqfNwFuLMZu43+UDFOXUseQ8NvkG50KsTRBuBQk=
github.com/merlinfuchs/go-next-static v0.0.0-20240912145807-5e78d52aee3c h1:GXVgesasd4C7SogJ+yl6MvmzExBZsTCWXaqF9klyBZE=
github.com/merlinfuchs/go-next-static v0.0.0-20240912145807-5e78d52aee3c/go.mod h1:HTdfVqfNwFuLMZu43+UDFOXUseQ8NvkG50KsTRBuBQk=
github.com/merlinfuchs/go-next-static v0.0.0-20240912151405-e8947b203df8 h1:UR8e/mcIOmL4eJ7UHv0i/n+rrw4O4Wc9+uwUaB+JuJ0=
github.com/merlinfuchs/go-next-static v0.0.0-20240912151405-e8947b203df8/go.mod h1:HTdfVqfNwFuLMZu43+UDFOXUseQ8NvkG50KsTRBuBQk=
github.com/merlinfuchs/go-next-static v0.0.0-20240912152021-bb60dd80f81c h1:LorbCoIQGh2xYQQkpdDIeY0xU9jvGUTxToVbZhxtq3I=
github.com/merlinfuchs/go-next-static v0.0.0-20240912152021-bb60dd80f81c/go.mod h1:HTdfVqfNwFuLMZu43+UDFOXUseQ8NvkG50KsTRBuBQk=
github.com/merlinfuchs/go-next-static v0.0.0-20240912152511-f36dd0b11c01 h1:6mcpa8o8S0btlNc0DszJu3zN0Cko9Uffutt/1Kp4LrU=
github.com/merlinfuchs/go-next-static v0.0.0-20240912152511-f36dd0b11c01/go.mod h1:HTdfVqfNwFuLMZu43+UDFOXUseQ8NvkG50KsTRBuBQk=
github.com/merlinfuchs/go-next-static v0.0.0-20240912153955-d431fbda6f18 h1:TzcHgTqhzmYpx2nz5BhZzh1RqDj40BYV/wzsbTntXQ0=
github.com/merlinfuchs/go-next-static v0.0.0-20240912153955-d431fbda6f18/go.mod h1:HTdfVqfNwFuLMZu43+UDFOXUseQ8NvkG50KsTRBuBQk=
github.com/pmezard/go-difflib v1.0.0 h1:4DBwDE0NGyQoBHbLQYPwSUPoCMWR5BEzIk/f1lZbAQM=
github.com/pmezard/go-difflib v1.0.0/go.mod h1:iKH77koFhYxTK1pcRnkKkqfTogsbg7gZNVY4sRDYZ/4=
github.com/stretchr/testify v1.9.0 h1:HtqpIVDClZ4nwg75+f6Lvsy/wHu+3BoSGCbBAcpTsTg=
github.com/stretchr/testify v1.9.0/go.mod h1:r2ic/lqez/lEtzL7wO/rwa5dbSLXVDPFyf8C91i36aY=
gopkg.in/yaml.v3 v3.0.1 h1:fxVm/GzAzEWqLHuvctI91KS9hhNmmWOoWu0XTYJS7CA=
gopkg.in/yaml.v3 v3.0.1/go.mod h1:K4uyk7z7BCEPqu6E+C64Yfv1cQ7kz7rIZviUmN+EgEM=
