# THIS IS AN AUTOGENERATED FILE. DO NOT EDIT THIS FILE DIRECTLY.
# yarn lockfile v1


"@esbuild/darwin-arm64@0.20.0":
  version "0.20.0"
  resolved "https://registry.npmjs.org/@esbuild/darwin-arm64/-/darwin-arm64-0.20.0.tgz"
  integrity sha512-AjEcivGAlPs3UAcJedMa9qYg9eSfU6FnGHJjT8s346HSKkrcWlYezGE8VaO2xKfvvlZkgAhyvl06OJOxiMgOYQ==

"@microsoft/api-extractor-model@7.28.7":
  version "7.28.7"
  resolved "https://registry.npmjs.org/@microsoft/api-extractor-model/-/api-extractor-model-7.28.7.tgz"
  integrity sha512-4gCGGEQGHmbQmarnDcEWS2cjj0LtNuD3D6rh3ZcAyAYTkceAugAk2eyQHGdTcGX8w3qMjWCTU1TPb8xHnMM+Kg==
  dependencies:
    "@microsoft/tsdoc" "0.14.2"
    "@microsoft/tsdoc-config" "~0.16.1"
    "@rushstack/node-core-library" "3.64.2"

"@microsoft/api-extractor@^7.39.4":
  version "7.39.4"
  resolved "https://registry.npmjs.org/@microsoft/api-extractor/-/api-extractor-7.39.4.tgz"
  integrity sha512-6YvfkpbEqRQ0UPdVBc+lOiq7VlXi9kw8U3w+RcXCFDVc/UljlXU5l9fHEyuBAW1GGO2opUe+yf9OscWhoHANhg==
  dependencies:
    "@microsoft/api-extractor-model" "7.28.7"
    "@microsoft/tsdoc" "0.14.2"
    "@microsoft/tsdoc-config" "~0.16.1"
    "@rushstack/node-core-library" "3.64.2"
    "@rushstack/rig-package" "0.5.1"
    "@rushstack/ts-command-line" "4.17.1"
    colors "~1.2.1"
    lodash "~4.17.15"
    resolve "~1.22.1"
    semver "~7.5.4"
    source-map "~0.6.1"
    typescript "5.3.3"

"@microsoft/tsdoc-config@~0.16.1":
  version "0.16.2"
  resolved "https://registry.npmjs.org/@microsoft/tsdoc-config/-/tsdoc-config-0.16.2.tgz"
  integrity sha512-OGiIzzoBLgWWR0UdRJX98oYO+XKGf7tiK4Zk6tQ/E4IJqGCe7dvkTvgDZV5cFJUzLGDOjeAXrnZoA6QkVySuxw==
  dependencies:
    "@microsoft/tsdoc" "0.14.2"
    ajv "~6.12.6"
    jju "~1.4.0"
    resolve "~1.19.0"

"@microsoft/tsdoc@0.14.2":
  version "0.14.2"
  resolved "https://registry.npmjs.org/@microsoft/tsdoc/-/tsdoc-0.14.2.tgz"
  integrity sha512-9b8mPpKrfeGRuhFH5iO1iwCLeIIsV6+H1sRfxbkoGXIyQE2BTsPd9zqSqQJ+pv5sJ/hT5M1zvOFL02MnEezFug==

"@rushstack/node-core-library@3.64.2":
  version "3.64.2"
  resolved "https://registry.npmjs.org/@rushstack/node-core-library/-/node-core-library-3.64.2.tgz"
  integrity sha512-n1S2VYEklONiwKpUyBq/Fym6yAsfsCXrqFabuOMcCuj4C+zW+HyaspSHXJCKqkMxfjviwe/c9+DUqvRWIvSN9Q==
  dependencies:
    colors "~1.2.1"
    fs-extra "~7.0.1"
    import-lazy "~4.0.0"
    jju "~1.4.0"
    resolve "~1.22.1"
    semver "~7.5.4"
    z-schema "~5.0.2"

"@rushstack/rig-package@0.5.1":
  version "0.5.1"
  resolved "https://registry.npmjs.org/@rushstack/rig-package/-/rig-package-0.5.1.tgz"
  integrity sha512-pXRYSe29TjRw7rqxD4WS3HN/sRSbfr+tJs4a9uuaSIBAITbUggygdhuG0VrO0EO+QqH91GhYMN4S6KRtOEmGVA==
  dependencies:
    resolve "~1.22.1"
    strip-json-comments "~3.1.1"

"@rushstack/ts-command-line@4.17.1":
  version "4.17.1"
  resolved "https://registry.npmjs.org/@rushstack/ts-command-line/-/ts-command-line-4.17.1.tgz"
  integrity sha512-2jweO1O57BYP5qdBGl6apJLB+aRIn5ccIRTPDyULh0KMwVzFqWtw6IZWt1qtUoZD/pD2RNkIOosH6Cq45rIYeg==
  dependencies:
    "@types/argparse" "1.0.38"
    argparse "~1.0.9"
    colors "~1.2.1"
    string-argv "~0.3.1"

"@types/argparse@1.0.38":
  version "1.0.38"
  resolved "https://registry.npmjs.org/@types/argparse/-/argparse-1.0.38.tgz"
  integrity sha512-ebDJ9b0e702Yr7pWgB0jzm+CX4Srzz8RcXtLJDJB+BSccqMa36uyH/zUsSYao5+BD1ytv3k3rPYCq4mAE1hsXA==

ajv@~6.12.6:
  version "6.12.6"
  resolved "https://registry.npmjs.org/ajv/-/ajv-6.12.6.tgz"
  integrity sha512-j3fVLgvTo527anyYyJOGTYJbG+vnnQYvE0m5mmkc1TK+nxAppkCLMIL0aZ4dblVCNoGShhm+kzE4ZUykBoMg4g==
  dependencies:
    fast-deep-equal "^3.1.1"
    fast-json-stable-stringify "^2.0.0"
    json-schema-traverse "^0.4.1"
    uri-js "^4.2.2"

argparse@~1.0.9:
  version "1.0.10"
  resolved "https://registry.npmjs.org/argparse/-/argparse-1.0.10.tgz"
  integrity sha512-o5Roy6tNG4SL/FOkCAN6RzjiakZS25RLYFrcMttJqbdd8BWrnA+fGz57iN5Pb06pvBGvl5gQ0B48dJlslXvoTg==
  dependencies:
    sprintf-js "~1.0.2"

colors@~1.2.1:
  version "1.2.5"
  resolved "https://registry.npmjs.org/colors/-/colors-1.2.5.tgz"
  integrity sha512-erNRLao/Y3Fv54qUa0LBB+//Uf3YwMUmdJinN20yMXm9zdKKqH9wt7R9IIVZ+K7ShzfpLV/Zg8+VyrBJYB4lpg==

commander@^9.4.1:
  version "9.5.0"
  resolved "https://registry.npmjs.org/commander/-/commander-9.5.0.tgz"
  integrity sha512-KRs7WVDKg86PWiuAqhDrAQnTXZKraVcCc6vFdL14qrZ/DcWwuRo7VoiYXalXO7S5GKpqYiVEwCbgFDfxNHKJBQ==

esbuild@^0.20.0:
  version "0.20.0"
  resolved "https://registry.npmjs.org/esbuild/-/esbuild-0.20.0.tgz"
  integrity sha512-6iwE3Y2RVYCME1jLpBqq7LQWK3MW6vjV2bZy6gt/WrqkY+WE74Spyc0ThAOYpMtITvnjX09CrC6ym7A/m9mebA==
  optionalDependencies:
    "@esbuild/aix-ppc64" "0.20.0"
    "@esbuild/android-arm" "0.20.0"
    "@esbuild/android-arm64" "0.20.0"
    "@esbuild/android-x64" "0.20.0"
    "@esbuild/darwin-arm64" "0.20.0"
    "@esbuild/darwin-x64" "0.20.0"
    "@esbuild/freebsd-arm64" "0.20.0"
    "@esbuild/freebsd-x64" "0.20.0"
    "@esbuild/linux-arm" "0.20.0"
    "@esbuild/linux-arm64" "0.20.0"
    "@esbuild/linux-ia32" "0.20.0"
    "@esbuild/linux-loong64" "0.20.0"
    "@esbuild/linux-mips64el" "0.20.0"
    "@esbuild/linux-ppc64" "0.20.0"
    "@esbuild/linux-riscv64" "0.20.0"
    "@esbuild/linux-s390x" "0.20.0"
    "@esbuild/linux-x64" "0.20.0"
    "@esbuild/netbsd-x64" "0.20.0"
    "@esbuild/openbsd-x64" "0.20.0"
    "@esbuild/sunos-x64" "0.20.0"
    "@esbuild/win32-arm64" "0.20.0"
    "@esbuild/win32-ia32" "0.20.0"
    "@esbuild/win32-x64" "0.20.0"

fast-deep-equal@^3.1.1:
  version "3.1.3"
  resolved "https://registry.npmjs.org/fast-deep-equal/-/fast-deep-equal-3.1.3.tgz"
  integrity sha512-f3qQ9oQy9j2AhBe/H9VC91wLmKBCCU/gDOnKNAYG5hswO7BLKj09Hc5HYNz9cGI++xlpDCIgDaitVs03ATR84Q==

fast-json-stable-stringify@^2.0.0:
  version "2.1.0"
  resolved "https://registry.npmjs.org/fast-json-stable-stringify/-/fast-json-stable-stringify-2.1.0.tgz"
  integrity sha512-lhd/wF+Lk98HZoTCtlVraHtfh5XYijIjalXck7saUtuanSDyLMxnHhSXEDJqHxD7msR8D0uCmqlkwjCV8xvwHw==

fs-extra@~7.0.1:
  version "7.0.1"
  resolved "https://registry.npmjs.org/fs-extra/-/fs-extra-7.0.1.tgz"
  integrity sha512-YJDaCJZEnBmcbw13fvdAM9AwNOJwOzrE4pqMqBq5nFiEqXUqHwlK4B+3pUw6JNvfSPtX05xFHtYy/1ni01eGCw==
  dependencies:
    graceful-fs "^4.1.2"
    jsonfile "^4.0.0"
    universalify "^0.1.0"

function-bind@^1.1.2:
  version "1.1.2"
  resolved "https://registry.npmjs.org/function-bind/-/function-bind-1.1.2.tgz"
  integrity sha512-7XHNxH7qX9xG5mIwxkhumTox/MIRNcOgDrxWsMt2pAr23WHp6MrRlN7FBSFpCpr+oVO0F744iUgR82nJMfG2SA==

graceful-fs@^4.1.2, graceful-fs@^4.1.6:
  version "4.2.11"
  resolved "https://registry.npmjs.org/graceful-fs/-/graceful-fs-4.2.11.tgz"
  integrity sha512-RbJ5/jmFcNNCcDV5o9eTnBLJ/HszWV0P73bc+Ff4nS/rJj+YaS6IGyiOL0VoBYX+l1Wrl3k63h/KrH+nhJ0XvQ==

hasown@^2.0.0:
  version "2.0.0"
  resolved "https://registry.npmjs.org/hasown/-/hasown-2.0.0.tgz"
  integrity sha512-vUptKVTpIJhcczKBbgnS+RtcuYMB8+oNzPK2/Hp3hanz8JmpATdmmgLgSaadVREkDm+e2giHwY3ZRkyjSIDDFA==
  dependencies:
    function-bind "^1.1.2"

import-lazy@~4.0.0:
  version "4.0.0"
  resolved "https://registry.npmjs.org/import-lazy/-/import-lazy-4.0.0.tgz"
  integrity sha512-rKtvo6a868b5Hu3heneU+L4yEQ4jYKLtjpnPeUdK7h0yzXGmyBTypknlkCvHFBqfX9YlorEiMM6Dnq/5atfHkw==

is-core-module@^2.1.0, is-core-module@^2.13.0:
  version "2.13.1"
  resolved "https://registry.npmjs.org/is-core-module/-/is-core-module-2.13.1.tgz"
  integrity sha512-hHrIjvZsftOsvKSn2TRYl63zvxsgE0K+0mYMoH6gD4omR5IWB2KynivBQczo3+wF1cCkjzvptnI9Q0sPU66ilw==
  dependencies:
    hasown "^2.0.0"

jju@~1.4.0:
  version "1.4.0"
  resolved "https://registry.npmjs.org/jju/-/jju-1.4.0.tgz"
  integrity sha512-8wb9Yw966OSxApiCt0K3yNJL8pnNeIv+OEq2YMidz4FKP6nonSRoOXc80iXY4JaN2FC11B9qsNmDsm+ZOfMROA==

json-schema-traverse@^0.4.1:
  version "0.4.1"
  resolved "https://registry.npmjs.org/json-schema-traverse/-/json-schema-traverse-0.4.1.tgz"
  integrity sha512-xbbCH5dCYU5T8LcEhhuh7HJ88HXuW3qsI3Y0zOZFKfZEHcpWiHU/Jxzk629Brsab/mMiHQti9wMP+845RPe3Vg==

jsonfile@^4.0.0:
  version "4.0.0"
  resolved "https://registry.npmjs.org/jsonfile/-/jsonfile-4.0.0.tgz"
  integrity sha512-m6F1R3z8jjlf2imQHS2Qez5sjKWQzbuuhuJ/FKYFRZvPE3PuHcSMVZzfsLhGVOkfd20obL5SWEBew5ShlquNxg==
  optionalDependencies:
    graceful-fs "^4.1.6"

lodash.get@^4.4.2:
  version "4.4.2"
  resolved "https://registry.npmjs.org/lodash.get/-/lodash.get-4.4.2.tgz"
  integrity sha512-z+Uw/vLuy6gQe8cfaFWD7p0wVv8fJl3mbzXh33RS+0oW2wvUqiRXiQ69gLWSLpgB5/6sU+r6BlQR0MBILadqTQ==

lodash.isequal@^4.5.0:
  version "4.5.0"
  resolved "https://registry.npmjs.org/lodash.isequal/-/lodash.isequal-4.5.0.tgz"
  integrity sha512-pDo3lu8Jhfjqls6GkMgpahsF9kCyayhgykjyLMNFTKWrpVdAQtYyB4muAMWozBB4ig/dtWAmsMxLEI8wuz+DYQ==

lodash@~4.17.15:
  version "4.17.21"
  resolved "https://registry.npmjs.org/lodash/-/lodash-4.17.21.tgz"
  integrity sha512-v2kDEe57lecTulaDIuNTPy3Ry4gLGJ6Z1O3vE1krgXZNrsQ+LFTGHVxVjcXPs17LhbZVGedAJv8XZ1tvj5FvSg==

lru-cache@^6.0.0:
  version "6.0.0"
  resolved "https://registry.npmjs.org/lru-cache/-/lru-cache-6.0.0.tgz"
  integrity sha512-Jo6dJ04CmSjuznwJSS3pUeWmd/H0ffTlkXXgwZi+eq1UCmqQwCh+eLsYOYCwY991i2Fah4h1BEMCx4qThGbsiA==
  dependencies:
    yallist "^4.0.0"

path-parse@^1.0.6, path-parse@^1.0.7:
  version "1.0.7"
  resolved "https://registry.npmjs.org/path-parse/-/path-parse-1.0.7.tgz"
  integrity sha512-LDJzPVEEEPR+y48z93A0Ed0yXb8pAByGWo/k5YYdYgpY2/2EsOsksJrq7lOHxryrVOn1ejG6oAp8ahvOIQD8sw==

punycode@^2.1.0:
  version "2.3.1"
  resolved "https://registry.npmjs.org/punycode/-/punycode-2.3.1.tgz"
  integrity sha512-vYt7UD1U9Wg6138shLtLOvdAu+8DsC/ilFtEVHcH+wydcSpNE20AfSOduf6MkRFahL5FY7X1oU7nKVZFtfq8Fg==

resolve@~1.19.0:
  version "1.19.0"
  resolved "https://registry.npmjs.org/resolve/-/resolve-1.19.0.tgz"
  integrity sha512-rArEXAgsBG4UgRGcynxWIWKFvh/XZCcS8UJdHhwy91zwAvCZIbcs+vAbflgBnNjYMs/i/i+/Ux6IZhML1yPvxg==
  dependencies:
    is-core-module "^2.1.0"
    path-parse "^1.0.6"

resolve@~1.22.1:
  version "1.22.8"
  resolved "https://registry.npmjs.org/resolve/-/resolve-1.22.8.tgz"
  integrity sha512-oKWePCxqpd6FlLvGV1VU0x7bkPmmCNolxzjMf4NczoDnQcIWrAF+cPtZn5i6n+RfD2d9i0tzpKnG6Yk168yIyw==
  dependencies:
    is-core-module "^2.13.0"
    path-parse "^1.0.7"
    supports-preserve-symlinks-flag "^1.0.0"

semver@~7.5.4:
  version "7.5.4"
  resolved "https://registry.npmjs.org/semver/-/semver-7.5.4.tgz"
  integrity sha512-1bCSESV6Pv+i21Hvpxp3Dx+pSD8lIPt8uVjRrxAUt/nbswYc+tK6Y2btiULjd4+fnq15PX+nqQDC7Oft7WkwcA==
  dependencies:
    lru-cache "^6.0.0"

source-map@~0.6.1:
  version "0.6.1"
  resolved "https://registry.npmjs.org/source-map/-/source-map-0.6.1.tgz"
  integrity sha512-UjgapumWlbMhkBgzT7Ykc5YXUT46F0iKu8SGXq0bcwP5dz/h0Plj6enJqjz1Zbq2l5WaqYnrVbwWOWMyF3F47g==

sprintf-js@~1.0.2:
  version "1.0.3"
  resolved "https://registry.npmjs.org/sprintf-js/-/sprintf-js-1.0.3.tgz"
  integrity sha512-D9cPgkvLlV3t3IzL0D0YLvGA9Ahk4PcvVwUbN0dSGr1aP0Nrt4AEnTUbuGvquEC0mA64Gqt1fzirlRs5ibXx8g==

string-argv@~0.3.1:
  version "0.3.2"
  resolved "https://registry.npmjs.org/string-argv/-/string-argv-0.3.2.tgz"
  integrity sha512-aqD2Q0144Z+/RqG52NeHEkZauTAUWJO8c6yTftGJKO3Tja5tUgIfmIl6kExvhtxSDP7fXB6DvzkfMpCd/F3G+Q==

strip-json-comments@~3.1.1:
  version "3.1.1"
  resolved "https://registry.npmjs.org/strip-json-comments/-/strip-json-comments-3.1.1.tgz"
  integrity sha512-6fPc+R4ihwqP6N/aIv2f1gMH8lOVtWQHoqC4yK6oSDVVocumAsfCqjkXnqiYMhmMwS/mEHLp7Vehlt3ql6lEig==

supports-preserve-symlinks-flag@^1.0.0:
  version "1.0.0"
  resolved "https://registry.npmjs.org/supports-preserve-symlinks-flag/-/supports-preserve-symlinks-flag-1.0.0.tgz"
  integrity sha512-ot0WnXS9fgdkgIcePe6RHNk1WA8+muPa6cSjeR3V8K27q9BB1rTE3R1p7Hv0z1ZyAc8s6Vvv8DIyWf681MAt0w==

typescript@^5.3.3, typescript@5.3.3:
  version "5.3.3"
  resolved "https://registry.npmjs.org/typescript/-/typescript-5.3.3.tgz"
  integrity sha512-pXWcraxM0uxAS+tN0AG/BF2TyqmHO014Z070UsJ+pFvYuRSq8KH8DmWpnbXe0pEPDHXZV3FcAbJkijJ5oNEnWw==

universalify@^0.1.0:
  version "0.1.2"
  resolved "https://registry.npmjs.org/universalify/-/universalify-0.1.2.tgz"
  integrity sha512-rBJeI5CXAlmy1pV+617WB9J63U6XcazHHF2f2dbJix4XzpUF0RS3Zbj0FGIOCAva5P/d/GBOYaACQ1w+0azUkg==

uri-js@^4.2.2:
  version "4.4.1"
  resolved "https://registry.npmjs.org/uri-js/-/uri-js-4.4.1.tgz"
  integrity sha512-7rKUyy33Q1yc98pQ1DAmLtwX109F7TIfWlW1Ydo8Wl1ii1SeHieeh0HHfPeL2fMXK6z0s8ecKs9frCuLJvndBg==
  dependencies:
    punycode "^2.1.0"

validator@^13.7.0:
  version "13.11.0"
  resolved "https://registry.npmjs.org/validator/-/validator-13.11.0.tgz"
  integrity sha512-Ii+sehpSfZy+At5nPdnyMhx78fEoPDkR2XW/zimHEL3MyGJQOCQ7WeP20jPYRz7ZCpcKLB21NxuXHF3bxjStBQ==

yallist@^4.0.0:
  version "4.0.0"
  resolved "https://registry.npmjs.org/yallist/-/yallist-4.0.0.tgz"
  integrity sha512-3wdGidZyq5PB084XLES5TpOSRA3wjXAlIWMhum2kRcv/41Sn2emQ0dycQW4uZXLejwKvg6EsvbdlVL+FYEct7A==

z-schema@~5.0.2:
  version "5.0.5"
  resolved "https://registry.npmjs.org/z-schema/-/z-schema-5.0.5.tgz"
  integrity sha512-D7eujBWkLa3p2sIpJA0d1pr7es+a7m0vFAnZLlCEKq/Ij2k0MLi9Br2UPxoxdYystm5K1yeBGzub0FlYUEWj2Q==
  dependencies:
    lodash.get "^4.4.2"
    lodash.isequal "^4.5.0"
    validator "^13.7.0"
  optionalDependencies:
    commander "^9.4.1"
