github.com/disgoorg/disgo v0.17.1 h1:j9QfbmxxIpfD68woXoXm+FuxbktkD0aMdOSrRo8dW84=
github.com/disgoorg/disgo v0.17.1/go.mod h1:8r3h9fXSz7BbACxLPsPbtB6LX8gaQFUETgPKV/0gAKQ=
github.com/disgoorg/json v1.1.0 h1:7xigHvomlVA9PQw9bMGO02PHGJJPqvX5AnwlYg/Tnys=
github.com/disgoorg/json v1.1.0/go.mod h1:BHDwdde0rpQFDVsRLKhma6Y7fTbQKub/zdGO5O9NqqA=
github.com/disgoorg/snowflake/v2 v2.0.1 h1:CuUxGLwggUxEswZOmZ+mZ5i0xSumQdXW9tXW7uGqe+0=
github.com/disgoorg/snowflake/v2 v2.0.1/go.mod h1:SPU9c2CNn5DSyb86QcKtdZgix9osEtKrHLW4rMhfLCs=
github.com/gorilla/websocket v1.5.1 h1:gmztn0JnHVt9JZquRuzLw3g4wouNVzKL15iLr/zn/QY=
github.com/gorilla/websocket v1.5.1/go.mod h1:x3kM2JMyaluk02fnUJpQuwD2dCS5NDG2ZHL0uE0tcaY=
github.com/merlinfuchs/dismod v0.0.0-20240206225512-9ec9da66dbbf h1:6o7wvEVqO0+fI6vT13FtR+IgGrBB+zdIJ8wg1uGRD8U=
github.com/merlinfuchs/dismod v0.0.0-20240206225512-9ec9da66dbbf/go.mod h1:HqLZI1Wv8+0u05VJGg42ebXpVmaoZP1NT5xyNovdTRY=
github.com/merlinfuchs/dismod v0.0.0-20240211190158-228f4cdaae26 h1:fXONq7D1zbuPHL0h0O3Y1Fp3h1V/8ATzOIlGKiAsrFo=
github.com/merlinfuchs/dismod v0.0.0-20240211190158-228f4cdaae26/go.mod h1:HqLZI1Wv8+0u05VJGg42ebXpVmaoZP1NT5xyNovdTRY=
github.com/merlinfuchs/dismod/disrest v0.0.0-20240211190158-228f4cdaae26 h1:JANEZPs55ZMjiLmfpiKSgTtDxk6vBReqRrTfPBaPVRI=
github.com/merlinfuchs/dismod/disrest v0.0.0-20240211190158-228f4cdaae26/go.mod h1:zJ00C/kFi4lrv0cLoOOOcvKemPBV+EKY0LDI9uj21JQ=
github.com/merlinfuchs/dismod/disrest v0.0.0-20240211192340-64cc4b0fc633 h1:ZTcJNj2hpWLYHE0RJ+EcPaiLbYm20dFd6qOdiN38GTk=
github.com/merlinfuchs/dismod/disrest v0.0.0-20240211192340-64cc4b0fc633/go.mod h1:zJ00C/kFi4lrv0cLoOOOcvKemPBV+EKY0LDI9uj21JQ=
github.com/merlinfuchs/dismod/distype v0.0.0-20240206130855-0534b2a68dca h1:gCxq57EFNqbiHYaFXSSxyf0mqqpvDmLZIGqGrhH3Ge4=
github.com/merlinfuchs/dismod/distype v0.0.0-20240206130855-0534b2a68dca/go.mod h1:ibd2rYlwExYzuPcsm+YtyDZg+s32T8Qdp/0E1hi2Pn8=
github.com/merlinfuchs/dismod/distype v0.0.0-20240206132733-94d10dde2523 h1:/DhkDp8PChK9Bcjiu2TDK96etnRyBSvSnql6oPQyIM0=
github.com/merlinfuchs/dismod/distype v0.0.0-20240206132733-94d10dde2523/go.mod h1:ibd2rYlwExYzuPcsm+YtyDZg+s32T8Qdp/0E1hi2Pn8=
github.com/merlinfuchs/dismod/distype v0.0.0-20240206140348-2b74932b0bfa h1:Qz4gj7VUwXPhPvp775+BZKhXVr0avr548Bot2rhWirg=
github.com/merlinfuchs/dismod/distype v0.0.0-20240206140348-2b74932b0bfa/go.mod h1:ibd2rYlwExYzuPcsm+YtyDZg+s32T8Qdp/0E1hi2Pn8=
github.com/merlinfuchs/dismod/distype v0.0.0-20240206140900-81b023911e94 h1:+4kNZ00sglRojt03VTZ64gc0phZ6/JE27EmOj+zQNvU=
github.com/merlinfuchs/dismod/distype v0.0.0-20240206140900-81b023911e94/go.mod h1:ibd2rYlwExYzuPcsm+YtyDZg+s32T8Qdp/0E1hi2Pn8=
github.com/merlinfuchs/dismod/distype v0.0.0-20240206230048-007ded685f4d h1:+CcJG0AX4zcOvCJB217YxEiwtGtoIn9orpdQ5cvgUM0=
github.com/merlinfuchs/dismod/distype v0.0.0-20240206230048-007ded685f4d/go.mod h1:ibd2rYlwExYzuPcsm+YtyDZg+s32T8Qdp/0E1hi2Pn8=
github.com/merlinfuchs/dismod/distype v0.0.0-20240206231646-9e24e8bb1ad6 h1:c6y6s2vNz3biOurzACgot0hjdH2A5o1JAGrhzhBuRQ4=
github.com/merlinfuchs/dismod/distype v0.0.0-20240206231646-9e24e8bb1ad6/go.mod h1:ibd2rYlwExYzuPcsm+YtyDZg+s32T8Qdp/0E1hi2Pn8=
github.com/merlinfuchs/dismod/distype v0.0.0-20240206233636-1dd4661dc152 h1:Boe3ch3/fsJwD/lmj2B7m8WWp8/HwQRZepS+gUs99Yo=
github.com/merlinfuchs/dismod/distype v0.0.0-20240206233636-1dd4661dc152/go.mod h1:ibd2rYlwExYzuPcsm+YtyDZg+s32T8Qdp/0E1hi2Pn8=
github.com/merlinfuchs/dismod/distype v0.0.0-20240206234833-609f6176cfed h1:Cq1dtm0HoD4AELxu0YUFs9Gz4pvRkWOeyUCMZsPc6ck=
github.com/merlinfuchs/dismod/distype v0.0.0-20240206234833-609f6176cfed/go.mod h1:ibd2rYlwExYzuPcsm+YtyDZg+s32T8Qdp/0E1hi2Pn8=
github.com/merlinfuchs/dismod/distype v0.0.0-20240207133602-def4b6a61913 h1:l0NVWqJhN8kgAMXMT+ez2qVPrd5JplP+3W1/q5ZwtYA=
github.com/merlinfuchs/dismod/distype v0.0.0-20240207133602-def4b6a61913/go.mod h1:ibd2rYlwExYzuPcsm+YtyDZg+s32T8Qdp/0E1hi2Pn8=
github.com/merlinfuchs/dismod/distype v0.0.0-20240207140201-d882c762978b h1:afCwPkpwkcJuEBiFaYF8oc33EJCWrLegVG9euFhFt9g=
github.com/merlinfuchs/dismod/distype v0.0.0-20240207140201-d882c762978b/go.mod h1:ibd2rYlwExYzuPcsm+YtyDZg+s32T8Qdp/0E1hi2Pn8=
github.com/merlinfuchs/dismod/distype v0.0.0-20240207141155-86e42728927b h1:nChNGVYvNEFKY6DbkpK696zew4T6z53ZYRbT8TllyjE=
github.com/merlinfuchs/dismod/distype v0.0.0-20240207141155-86e42728927b/go.mod h1:ibd2rYlwExYzuPcsm+YtyDZg+s32T8Qdp/0E1hi2Pn8=
github.com/merlinfuchs/dismod/distype v0.0.0-20240208093718-01aef1b5d24c h1:5VOvl+xh5loUwvvtWSURHIyr5ASZ5fcC/8nDvxBCSp4=
github.com/merlinfuchs/dismod/distype v0.0.0-20240208093718-01aef1b5d24c/go.mod h1:ibd2rYlwExYzuPcsm+YtyDZg+s32T8Qdp/0E1hi2Pn8=
github.com/merlinfuchs/dismod/distype v0.0.0-20240211190158-228f4cdaae26 h1:5tXOTZk+l/mK7Vtq36Tjphv3UzFU62sn7k/CzonSX48=
github.com/merlinfuchs/dismod/distype v0.0.0-20240211190158-228f4cdaae26/go.mod h1:ibd2rYlwExYzuPcsm+YtyDZg+s32T8Qdp/0E1hi2Pn8=
github.com/merlinfuchs/dismod/distype v0.0.0-20240211192340-64cc4b0fc633 h1:X7LcZ7yaKf55XIwgG78VBAcTRjnfsq8jmuDQzMDkTwg=
github.com/merlinfuchs/dismod/distype v0.0.0-20240211192340-64cc4b0fc633/go.mod h1:ibd2rYlwExYzuPcsm+YtyDZg+s32T8Qdp/0E1hi2Pn8=
github.com/merlinfuchs/dismod/distype v0.0.0-20240211194826-c507312bb465 h1:pB4HkbLN0hcppbxiKxqacNYqz9M1jaY9JHoQJN2P+t8=
github.com/merlinfuchs/dismod/distype v0.0.0-20240211194826-c507312bb465/go.mod h1:ibd2rYlwExYzuPcsm+YtyDZg+s32T8Qdp/0E1hi2Pn8=
github.com/merlinfuchs/dismod/distype v0.0.0-20240211203320-26bf96ae2e59 h1:ij9GCpe7MeBDmuOetLHUnIGAPVo04cNuHyVVTRpdFg4=
github.com/merlinfuchs/dismod/distype v0.0.0-20240211203320-26bf96ae2e59/go.mod h1:ibd2rYlwExYzuPcsm+YtyDZg+s32T8Qdp/0E1hi2Pn8=
github.com/merlinfuchs/dismod/disway v0.0.0-20240211190158-228f4cdaae26 h1:F75TDXBM+7bCr6c1C//PhGMSQdH5pcXcliIr+pOQ/EY=
github.com/merlinfuchs/dismod/disway v0.0.0-20240211190158-228f4cdaae26/go.mod h1:hb4mhRE2YreDi+I5UchX7OqtbEQANhW/M1NuGung+vg=
github.com/merlinfuchs/dismod/disway v0.0.0-20240211192340-64cc4b0fc633 h1:hL+wnZoKXtrPkeDLsVs1ffWxFLx3os9oYfbF5IWo538=
github.com/merlinfuchs/dismod/disway v0.0.0-20240211192340-64cc4b0fc633/go.mod h1:hb4mhRE2YreDi+I5UchX7OqtbEQANhW/M1NuGung+vg=
github.com/merlinfuchs/dismod/disway v0.0.0-20240211194826-c507312bb465 h1:N+zXMz+UW+k02axnLKcveaxI5t3I7ppP4mHtFpP0vpE=
github.com/merlinfuchs/dismod/disway v0.0.0-20240211194826-c507312bb465/go.mod h1:hb4mhRE2YreDi+I5UchX7OqtbEQANhW/M1NuGung+vg=
github.com/merlinfuchs/dismod/disway v0.0.0-20240211202835-40c7d6e36fb0 h1:xAo5ZqPpVXxynEmWds5rRcgDTUzzON24ABwCwz0GVzw=
github.com/merlinfuchs/dismod/disway v0.0.0-20240211202835-40c7d6e36fb0/go.mod h1:hb4mhRE2YreDi+I5UchX7OqtbEQANhW/M1NuGung+vg=
github.com/merlinfuchs/dismod/disway v0.0.0-20240211203320-26bf96ae2e59 h1:8LNEWfAJz4ZrosgAE61mDTO3zhlTvabXSje2QWtXQsc=
github.com/merlinfuchs/dismod/disway v0.0.0-20240211203320-26bf96ae2e59/go.mod h1:hb4mhRE2YreDi+I5UchX7OqtbEQANhW/M1NuGung+vg=
github.com/sasha-s/go-csync v0.0.0-20240107134140-fcbab37b09ad h1:qIQkSlF5vAUHxEmTbaqt1hkJ/t6skqEGYiMag343ucI=
github.com/sasha-s/go-csync v0.0.0-20240107134140-fcbab37b09ad/go.mod h1:/pA7k3zsXKdjjAiUhB5CjuKib9KJGCaLvZwtxGC8U0s=
golang.org/x/net v0.20.0 h1:aCL9BSgETF1k+blQaYUBx9hJ9LOGP3gAVemcZlf1Kpo=
golang.org/x/net v0.20.0/go.mod h1:z8BVo6PvndSri0LbOE3hAn0apkU+1YvI6E70E9jsnvY=
