github.com/merlinfuchs/dismod v0.0.0-20240206225512-9ec9da66dbbf h1:6o7wvEVqO0+fI6vT13FtR+IgGrBB+zdIJ8wg1uGRD8U=
github.com/merlinfuchs/dismod v0.0.0-20240206225512-9ec9da66dbbf/go.mod h1:HqLZI1Wv8+0u05VJGg42ebXpVmaoZP1NT5xyNovdTRY=
github.com/merlinfuchs/dismod/distype v0.0.0-20240206130855-0534b2a68dca h1:gCxq57EFNqbiHYaFXSSxyf0mqqpvDmLZIGqGrhH3Ge4=
github.com/merlinfuchs/dismod/distype v0.0.0-20240206130855-0534b2a68dca/go.mod h1:ibd2rYlwExYzuPcsm+YtyDZg+s32T8Qdp/0E1hi2Pn8=
github.com/merlinfuchs/dismod/distype v0.0.0-20240206132733-94d10dde2523 h1:/DhkDp8PChK9Bcjiu2TDK96etnRyBSvSnql6oPQyIM0=
github.com/merlinfuchs/dismod/distype v0.0.0-20240206132733-94d10dde2523/go.mod h1:ibd2rYlwExYzuPcsm+YtyDZg+s32T8Qdp/0E1hi2Pn8=
github.com/merlinfuchs/dismod/distype v0.0.0-20240206140348-2b74932b0bfa h1:Qz4gj7VUwXPhPvp775+BZKhXVr0avr548Bot2rhWirg=
github.com/merlinfuchs/dismod/distype v0.0.0-20240206140348-2b74932b0bfa/go.mod h1:ibd2rYlwExYzuPcsm+YtyDZg+s32T8Qdp/0E1hi2Pn8=
github.com/merlinfuchs/dismod/distype v0.0.0-20240206140900-81b023911e94 h1:+4kNZ00sglRojt03VTZ64gc0phZ6/JE27EmOj+zQNvU=
github.com/merlinfuchs/dismod/distype v0.0.0-20240206140900-81b023911e94/go.mod h1:ibd2rYlwExYzuPcsm+YtyDZg+s32T8Qdp/0E1hi2Pn8=
github.com/merlinfuchs/dismod/distype v0.0.0-20240206230048-007ded685f4d h1:+CcJG0AX4zcOvCJB217YxEiwtGtoIn9orpdQ5cvgUM0=
github.com/merlinfuchs/dismod/distype v0.0.0-20240206230048-007ded685f4d/go.mod h1:ibd2rYlwExYzuPcsm+YtyDZg+s32T8Qdp/0E1hi2Pn8=
github.com/merlinfuchs/dismod/distype v0.0.0-20240206231646-9e24e8bb1ad6 h1:c6y6s2vNz3biOurzACgot0hjdH2A5o1JAGrhzhBuRQ4=
github.com/merlinfuchs/dismod/distype v0.0.0-20240206231646-9e24e8bb1ad6/go.mod h1:ibd2rYlwExYzuPcsm+YtyDZg+s32T8Qdp/0E1hi2Pn8=
github.com/merlinfuchs/dismod/distype v0.0.0-20240206233636-1dd4661dc152 h1:Boe3ch3/fsJwD/lmj2B7m8WWp8/HwQRZepS+gUs99Yo=
github.com/merlinfuchs/dismod/distype v0.0.0-20240206233636-1dd4661dc152/go.mod h1:ibd2rYlwExYzuPcsm+YtyDZg+s32T8Qdp/0E1hi2Pn8=
github.com/merlinfuchs/dismod/distype v0.0.0-20240206234833-609f6176cfed h1:Cq1dtm0HoD4AELxu0YUFs9Gz4pvRkWOeyUCMZsPc6ck=
github.com/merlinfuchs/dismod/distype v0.0.0-20240206234833-609f6176cfed/go.mod h1:ibd2rYlwExYzuPcsm+YtyDZg+s32T8Qdp/0E1hi2Pn8=
github.com/merlinfuchs/dismod/distype v0.0.0-20240207133602-def4b6a61913 h1:l0NVWqJhN8kgAMXMT+ez2qVPrd5JplP+3W1/q5ZwtYA=
github.com/merlinfuchs/dismod/distype v0.0.0-20240207133602-def4b6a61913/go.mod h1:ibd2rYlwExYzuPcsm+YtyDZg+s32T8Qdp/0E1hi2Pn8=
github.com/merlinfuchs/dismod/distype v0.0.0-20240207140201-d882c762978b h1:afCwPkpwkcJuEBiFaYF8oc33EJCWrLegVG9euFhFt9g=
github.com/merlinfuchs/dismod/distype v0.0.0-20240207140201-d882c762978b/go.mod h1:ibd2rYlwExYzuPcsm+YtyDZg+s32T8Qdp/0E1hi2Pn8=
github.com/merlinfuchs/dismod/distype v0.0.0-20240207141155-86e42728927b h1:nChNGVYvNEFKY6DbkpK696zew4T6z53ZYRbT8TllyjE=
github.com/merlinfuchs/dismod/distype v0.0.0-20240207141155-86e42728927b/go.mod h1:ibd2rYlwExYzuPcsm+YtyDZg+s32T8Qdp/0E1hi2Pn8=
github.com/merlinfuchs/dismod/distype v0.0.0-20240208093718-01aef1b5d24c h1:5VOvl+xh5loUwvvtWSURHIyr5ASZ5fcC/8nDvxBCSp4=
github.com/merlinfuchs/dismod/distype v0.0.0-20240208093718-01aef1b5d24c/go.mod h1:ibd2rYlwExYzuPcsm+YtyDZg+s32T8Qdp/0E1hi2Pn8=
