{
  "name": "automod",
  "lockfileVersion": 3,
  "requires": true,
  "packages": {
    "": {
      "dependencies": {
        "@merlingg/kite-sdk": "file:../../kite-sdk-js",
        "obscenity": "^0.2.0"
      },
      "devDependencies": {
        "typescript": "^5.3.3"
      }
    },
    "../../js-sdk": {
      "version": "0.0.1",
      "extraneous": true,
      "license": "AGPL-3.0",
      "devDependencies": {
        "@microsoft/api-extractor": "^7.39.4",
        "esbuild": "^0.20.0",
        "typescript": "^5.3.3"
      }
    },
    "../../kite-sdk-js": {
      "name": "@merlingg/kite-sdk",
      "version": "0.0.1",
      "license": "AGPL-3.0",
      "devDependencies": {
        "@microsoft/api-extractor": "^7.39.4",
        "esbuild": "^0.20.0",
        "typescript": "^5.3.3"
      }
    },
    "node_modules/@merlingg/kite-sdk": {
      "resolved": "../../kite-sdk-js",
      "link": true
    },
    "node_modules/obscenity": {
      "version": "0.2.0",
      "resolved": "https://registry.npmjs.org/obscenity/-/obscenity-0.2.0.tgz",
      "integrity": "sha512-eYe8r9hqJk5dEMZkLtWlGlwGxKYO6xA/yEOzd8MGSG3vzn8hAgo6MUZ9dirA3kPAfy/1d1jEOkCUpIU1nGI1EQ==",
      "license": "MIT",
      "engines": {
        "node": ">=14.0.0"
      }
    },
    "node_modules/typescript": {
      "version": "5.3.3",
      "resolved": "https://registry.npmjs.org/typescript/-/typescript-5.3.3.tgz",
      "integrity": "sha512-pXWcraxM0uxAS+tN0AG/BF2TyqmHO014Z070UsJ+pFvYuRSq8KH8DmWpnbXe0pEPDHXZV3FcAbJkijJ5oNEnWw==",
      "dev": true,
      "license": "Apache-2.0",
      "bin": {
        "tsc": "bin/tsc",
        "tsserver": "bin/tsserver"
      },
      "engines": {
        "node": ">=14.17"
      }
    }
  }
}
